{
  "name": "morphus",
  "lockfileVersion": 3,
  "requires": true,
  "packages": {
    "": {
      "dependencies": {
        "morphus-theme": "^1.0.0"
      }
    },
    "node_modules/morphus-theme": {
      "version": "1.0.0",
      "resolved": "https://registry.npmjs.org/morphus-theme/-/morphus-theme-1.0.0.tgz",
      "integrity": "sha512-qYW4eb2+9E1y/CttF3C1bMEJ7kPI7onKx+o8UK6dcATr+IczGtrKxY0mmXgJeaXraiLAdKpC11TBkDrm7gug5g=="
    }
  }
}
